<Solution>
  <Project Path="EnterpriceECommerce.Api/EnterpriceECommerce.Api.csproj" />
  <Project Path="EnterpriceECommerce.Application/EnterpriceECommerce.Application.csproj" />
  <Project Path="EnterpriceECommerce.Domain/EnterpriceECommerce.Domain.csproj" />
  <Project Path="EnterpriceECommerce.Persistence/EnterpriceECommerce.Persistence.csproj" />
  <Project Path="EnterpriseECommerce.Infrastructure/EnterpriceECommerce.Infrastructure.csproj" />
</Solution>
